
Microsoft Visual Studio Solution File, Format Version 12.00
# Visual Studio Version 17
VisualStudioVersion = 17.0.31903.59
MinimumVisualStudioVersion = 10.0.40219.1
Project("{FAE04EC0-301F-11D3-BF4B-00C04F79EFBC}") = "Exe06a", "Exe06a\Exe06a.csproj", "{630E1629-A81C-4E12-BF7E-36DCA2B6506F}"
EndProject
Project("{FAE04EC0-301F-11D3-BF4B-00C04F79EFBC}") = "Exe06b", "Exe06b\Exe06b.csproj", "{10643D0D-13D0-40C9-BB45-3C29EF2F7317}"
EndProject
Global
	GlobalSection(SolutionConfigurationPlatforms) = preSolution
		Debug|Any CPU = Debug|Any CPU
		Release|Any CPU = Release|Any CPU
	EndGlobalSection
	GlobalSection(SolutionProperties) = preSolution
		HideSolutionNode = FALSE
	EndGlobalSection
	GlobalSection(ProjectConfigurationPlatforms) = postSolution
		{630E1629-A81C-4E12-BF7E-36DCA2B6506F}.Debug|Any CPU.ActiveCfg = Debug|Any CPU
		{630E1629-A81C-4E12-BF7E-36DCA2B6506F}.Debug|Any CPU.Build.0 = Debug|Any CPU
		{630E1629-A81C-4E12-BF7E-36DCA2B6506F}.Release|Any CPU.ActiveCfg = Release|Any CPU
		{630E1629-A81C-4E12-BF7E-36DCA2B6506F}.Release|Any CPU.Build.0 = Release|Any CPU
		{10643D0D-13D0-40C9-BB45-3C29EF2F7317}.Debug|Any CPU.ActiveCfg = Debug|Any CPU
		{10643D0D-13D0-40C9-BB45-3C29EF2F7317}.Debug|Any CPU.Build.0 = Debug|Any CPU
		{10643D0D-13D0-40C9-BB45-3C29EF2F7317}.Release|Any CPU.ActiveCfg = Release|Any CPU
		{10643D0D-13D0-40C9-BB45-3C29EF2F7317}.Release|Any CPU.Build.0 = Release|Any CPU
	EndGlobalSection
EndGlobal
